PODS:
  - Alamofire (5.6.4)
  - Kingfisher (7.4.1)
  - SnapKit (5.6.0)
  - YoutubePlayerView (1.2.1)

DEPENDENCIES:
  - Alamofire
  - Kingfisher
  - SnapKit
  - YoutubePlayerView

SPEC REPOS:
  trunk:
    - Alamofire
    - Kingfisher
    - SnapKit
    - YoutubePlayerView

SPEC CHECKSUMS:
  Alamofire: 4e95d97098eacb88856099c4fc79b526a299e48c
  Kingfisher: cd762a593a61b2fbecf7645c00f9a801a3ebfc9c
  SnapKit: e01d52ebb8ddbc333eefe2132acf85c8227d9c25
  YoutubePlayerView: 3870fc10f2db3f54156697757f44d304203bdc7e

PODFILE CHECKSUM: ce90110ea98b48fca5197eee520626a227bfe770

COCOAPODS: 1.11.3
