// !$*UTF8*$!
{
	archiveVersion = 1;
	classes = {
	};
	objectVersion = 56;
	objects = {

/* Begin PBXBuildFile section */
		950613302948724400EBA2FD /* AppDelegate.swift in Sources */ = {isa = PBXBuildFile; fileRef = 9506132F2948724400EBA2FD /* AppDelegate.swift */; };
		950613322948724400EBA2FD /* SceneDelegate.swift in Sources */ = {isa = PBXBuildFile; fileRef = 950613312948724400EBA2FD /* SceneDelegate.swift */; };
		950613372948724400EBA2FD /* Main.storyboard in Resources */ = {isa = PBXBuildFile; fileRef = 950613352948724400EBA2FD /* Main.storyboard */; };
		950613392948724500EBA2FD /* Assets.xcassets in Resources */ = {isa = PBXBuildFile; fileRef = 950613382948724500EBA2FD /* Assets.xcassets */; };
		9506133C2948724500EBA2FD /* LaunchScreen.storyboard in Resources */ = {isa = PBXBuildFile; fileRef = 9506133A2948724500EBA2FD /* LaunchScreen.storyboard */; };
		953220E2294D9DD30008D1E8 /* NoVideoView.swift in Sources */ = {isa = PBXBuildFile; fileRef = 953220E1294D9DD30008D1E8 /* NoVideoView.swift */; };
		956BD00C294DABB100B7BBE4 /* GenreVC.swift in Sources */ = {isa = PBXBuildFile; fileRef = 956BD00B294DABB100B7BBE4 /* GenreVC.swift */; };
		956BD00E294DABBF00B7BBE4 /* GenreInteractor.swift in Sources */ = {isa = PBXBuildFile; fileRef = 956BD00D294DABBF00B7BBE4 /* GenreInteractor.swift */; };
		956BD010294DABC500B7BBE4 /* GenrePresenter.swift in Sources */ = {isa = PBXBuildFile; fileRef = 956BD00F294DABC500B7BBE4 /* GenrePresenter.swift */; };
		956BD012294DABCE00B7BBE4 /* GenreRouter.swift in Sources */ = {isa = PBXBuildFile; fileRef = 956BD011294DABCE00B7BBE4 /* GenreRouter.swift */; };
		956BD014294DABD400B7BBE4 /* GenreProtocol.swift in Sources */ = {isa = PBXBuildFile; fileRef = 956BD013294DABD400B7BBE4 /* GenreProtocol.swift */; };
		956BD016294DABDA00B7BBE4 /* GenreModel.swift in Sources */ = {isa = PBXBuildFile; fileRef = 956BD015294DABDA00B7BBE4 /* GenreModel.swift */; };
		956BD018294DC63300B7BBE4 /* AuthorDetailModel.swift in Sources */ = {isa = PBXBuildFile; fileRef = 956BD017294DC63300B7BBE4 /* AuthorDetailModel.swift */; };
		95A9A9D12949953400E618BA /* MovieListVC.swift in Sources */ = {isa = PBXBuildFile; fileRef = 95A9A9D02949953400E618BA /* MovieListVC.swift */; };
		95A9A9D32949954C00E618BA /* MovieListInteractor.swift in Sources */ = {isa = PBXBuildFile; fileRef = 95A9A9D22949954C00E618BA /* MovieListInteractor.swift */; };
		95A9A9D72949957300E618BA /* MovieModel.swift in Sources */ = {isa = PBXBuildFile; fileRef = 95A9A9D62949957300E618BA /* MovieModel.swift */; };
		95A9A9D92949957D00E618BA /* MovieListRouter.swift in Sources */ = {isa = PBXBuildFile; fileRef = 95A9A9D82949957D00E618BA /* MovieListRouter.swift */; };
		95A9A9DC2949970900E618BA /* Constants.swift in Sources */ = {isa = PBXBuildFile; fileRef = 95A9A9DB2949970900E618BA /* Constants.swift */; };
		95A9A9DE2949A51800E618BA /* MovieListPresenter.swift in Sources */ = {isa = PBXBuildFile; fileRef = 95A9A9DD2949A51800E618BA /* MovieListPresenter.swift */; };
		95A9A9E02949A67500E618BA /* ProgressIndicator.swift in Sources */ = {isa = PBXBuildFile; fileRef = 95A9A9DF2949A67500E618BA /* ProgressIndicator.swift */; };
		95A9A9E22949A6A400E618BA /* Utils.swift in Sources */ = {isa = PBXBuildFile; fileRef = 95A9A9E12949A6A400E618BA /* Utils.swift */; };
		95A9A9E52949ADA400E618BA /* MovieCell.swift in Sources */ = {isa = PBXBuildFile; fileRef = 95A9A9E42949ADA400E618BA /* MovieCell.swift */; };
		95A9A9F12949C68B00E618BA /* MovieListProtocol.swift in Sources */ = {isa = PBXBuildFile; fileRef = 95A9A9F02949C68A00E618BA /* MovieListProtocol.swift */; };
		95A9A9F42949DBD300E618BA /* MovieTable.swift in Sources */ = {isa = PBXBuildFile; fileRef = 95A9A9F32949DBD300E618BA /* MovieTable.swift */; };
		95A9A9F7294A10DA00E618BA /* MovieDetailVC.swift in Sources */ = {isa = PBXBuildFile; fileRef = 95A9A9F6294A10DA00E618BA /* MovieDetailVC.swift */; };
		95A9A9F9294A10E700E618BA /* MovieDetailInteractor.swift in Sources */ = {isa = PBXBuildFile; fileRef = 95A9A9F8294A10E700E618BA /* MovieDetailInteractor.swift */; };
		95A9A9FB294A10F600E618BA /* MovieDetailPresenter.swift in Sources */ = {isa = PBXBuildFile; fileRef = 95A9A9FA294A10F600E618BA /* MovieDetailPresenter.swift */; };
		95A9A9FF294A111A00E618BA /* MovieDetailRouter.swift in Sources */ = {isa = PBXBuildFile; fileRef = 95A9A9FE294A111A00E618BA /* MovieDetailRouter.swift */; };
		95A9AA01294A112600E618BA /* MovieDetailProtocol.swift in Sources */ = {isa = PBXBuildFile; fileRef = 95A9AA00294A112600E618BA /* MovieDetailProtocol.swift */; };
		95A9AA03294A165000E618BA /* ReviewModel.swift in Sources */ = {isa = PBXBuildFile; fileRef = 95A9AA02294A165000E618BA /* ReviewModel.swift */; };
		95A9AA05294A169700E618BA /* TrailerModel.swift in Sources */ = {isa = PBXBuildFile; fileRef = 95A9AA04294A169700E618BA /* TrailerModel.swift */; };
		95DD14C3294AD391009465F4 /* MovieDetailSegment.swift in Sources */ = {isa = PBXBuildFile; fileRef = 95DD14C2294AD391009465F4 /* MovieDetailSegment.swift */; };
		95DD14C5294AD7BF009465F4 /* ReviewCell.swift in Sources */ = {isa = PBXBuildFile; fileRef = 95DD14C4294AD7BF009465F4 /* ReviewCell.swift */; };
		95DD14C8294AD973009465F4 /* UILabel+RequiredHeight.swift in Sources */ = {isa = PBXBuildFile; fileRef = 95DD14C7294AD973009465F4 /* UILabel+RequiredHeight.swift */; };
		95DD14CA294AD9C7009465F4 /* ReviewTable.swift in Sources */ = {isa = PBXBuildFile; fileRef = 95DD14C9294AD9C7009465F4 /* ReviewTable.swift */; };
		CE01FE0F2625A6BC20AE7FE6 /* Pods_mandiri_technical.framework in Frameworks */ = {isa = PBXBuildFile; fileRef = 6F902BDB70FCAF428EB71009 /* Pods_mandiri_technical.framework */; };
/* End PBXBuildFile section */

/* Begin PBXFileReference section */
		5B6CE36871B4F372647BF11D /* Pods-mandiri-technical.release.xcconfig */ = {isa = PBXFileReference; includeInIndex = 1; lastKnownFileType = text.xcconfig; name = "Pods-mandiri-technical.release.xcconfig"; path = "Target Support Files/Pods-mandiri-technical/Pods-mandiri-technical.release.xcconfig"; sourceTree = "<group>"; };
		6F902BDB70FCAF428EB71009 /* Pods_mandiri_technical.framework */ = {isa = PBXFileReference; explicitFileType = wrapper.framework; includeInIndex = 0; path = Pods_mandiri_technical.framework; sourceTree = BUILT_PRODUCTS_DIR; };
		9506132C2948724400EBA2FD /* mandiri-technical.app */ = {isa = PBXFileReference; explicitFileType = wrapper.application; includeInIndex = 0; path = "mandiri-technical.app"; sourceTree = BUILT_PRODUCTS_DIR; };
		9506132F2948724400EBA2FD /* AppDelegate.swift */ = {isa = PBXFileReference; lastKnownFileType = sourcecode.swift; path = AppDelegate.swift; sourceTree = "<group>"; };
		950613312948724400EBA2FD /* SceneDelegate.swift */ = {isa = PBXFileReference; lastKnownFileType = sourcecode.swift; path = SceneDelegate.swift; sourceTree = "<group>"; };
		950613362948724400EBA2FD /* Base */ = {isa = PBXFileReference; lastKnownFileType = file.storyboard; name = Base; path = Base.lproj/Main.storyboard; sourceTree = "<group>"; };
		950613382948724500EBA2FD /* Assets.xcassets */ = {isa = PBXFileReference; lastKnownFileType = folder.assetcatalog; path = Assets.xcassets; sourceTree = "<group>"; };
		9506133B2948724500EBA2FD /* Base */ = {isa = PBXFileReference; lastKnownFileType = file.storyboard; name = Base; path = Base.lproj/LaunchScreen.storyboard; sourceTree = "<group>"; };
		9506133D2948724500EBA2FD /* Info.plist */ = {isa = PBXFileReference; lastKnownFileType = text.plist.xml; path = Info.plist; sourceTree = "<group>"; };
		953220E1294D9DD30008D1E8 /* NoVideoView.swift */ = {isa = PBXFileReference; lastKnownFileType = sourcecode.swift; path = NoVideoView.swift; sourceTree = "<group>"; };
		956BD00B294DABB100B7BBE4 /* GenreVC.swift */ = {isa = PBXFileReference; lastKnownFileType = sourcecode.swift; path = GenreVC.swift; sourceTree = "<group>"; };
		956BD00D294DABBF00B7BBE4 /* GenreInteractor.swift */ = {isa = PBXFileReference; lastKnownFileType = sourcecode.swift; path = GenreInteractor.swift; sourceTree = "<group>"; };
		956BD00F294DABC500B7BBE4 /* GenrePresenter.swift */ = {isa = PBXFileReference; lastKnownFileType = sourcecode.swift; path = GenrePresenter.swift; sourceTree = "<group>"; };
		956BD011294DABCE00B7BBE4 /* GenreRouter.swift */ = {isa = PBXFileReference; lastKnownFileType = sourcecode.swift; path = GenreRouter.swift; sourceTree = "<group>"; };
		956BD013294DABD400B7BBE4 /* GenreProtocol.swift */ = {isa = PBXFileReference; lastKnownFileType = sourcecode.swift; path = GenreProtocol.swift; sourceTree = "<group>"; };
		956BD015294DABDA00B7BBE4 /* GenreModel.swift */ = {isa = PBXFileReference; lastKnownFileType = sourcecode.swift; path = GenreModel.swift; sourceTree = "<group>"; };
		956BD017294DC63300B7BBE4 /* AuthorDetailModel.swift */ = {isa = PBXFileReference; lastKnownFileType = sourcecode.swift; path = AuthorDetailModel.swift; sourceTree = "<group>"; };
		95A9A9D02949953400E618BA /* MovieListVC.swift */ = {isa = PBXFileReference; lastKnownFileType = sourcecode.swift; path = MovieListVC.swift; sourceTree = "<group>"; };
		95A9A9D22949954C00E618BA /* MovieListInteractor.swift */ = {isa = PBXFileReference; lastKnownFileType = sourcecode.swift; path = MovieListInteractor.swift; sourceTree = "<group>"; };
		95A9A9D62949957300E618BA /* MovieModel.swift */ = {isa = PBXFileReference; lastKnownFileType = sourcecode.swift; path = MovieModel.swift; sourceTree = "<group>"; };
		95A9A9D82949957D00E618BA /* MovieListRouter.swift */ = {isa = PBXFileReference; lastKnownFileType = sourcecode.swift; path = MovieListRouter.swift; sourceTree = "<group>"; };
		95A9A9DB2949970900E618BA /* Constants.swift */ = {isa = PBXFileReference; lastKnownFileType = sourcecode.swift; path = Constants.swift; sourceTree = "<group>"; };
		95A9A9DD2949A51800E618BA /* MovieListPresenter.swift */ = {isa = PBXFileReference; lastKnownFileType = sourcecode.swift; path = MovieListPresenter.swift; sourceTree = "<group>"; };
		95A9A9DF2949A67500E618BA /* ProgressIndicator.swift */ = {isa = PBXFileReference; lastKnownFileType = sourcecode.swift; path = ProgressIndicator.swift; sourceTree = "<group>"; };
		95A9A9E12949A6A400E618BA /* Utils.swift */ = {isa = PBXFileReference; lastKnownFileType = sourcecode.swift; path = Utils.swift; sourceTree = "<group>"; };
		95A9A9E42949ADA400E618BA /* MovieCell.swift */ = {isa = PBXFileReference; lastKnownFileType = sourcecode.swift; path = MovieCell.swift; sourceTree = "<group>"; };
		95A9A9F02949C68A00E618BA /* MovieListProtocol.swift */ = {isa = PBXFileReference; fileEncoding = 4; lastKnownFileType = sourcecode.swift; path = MovieListProtocol.swift; sourceTree = "<group>"; };
		95A9A9F32949DBD300E618BA /* MovieTable.swift */ = {isa = PBXFileReference; lastKnownFileType = sourcecode.swift; path = MovieTable.swift; sourceTree = "<group>"; };
		95A9A9F6294A10DA00E618BA /* MovieDetailVC.swift */ = {isa = PBXFileReference; lastKnownFileType = sourcecode.swift; path = MovieDetailVC.swift; sourceTree = "<group>"; };
		95A9A9F8294A10E700E618BA /* MovieDetailInteractor.swift */ = {isa = PBXFileReference; lastKnownFileType = sourcecode.swift; path = MovieDetailInteractor.swift; sourceTree = "<group>"; };
		95A9A9FA294A10F600E618BA /* MovieDetailPresenter.swift */ = {isa = PBXFileReference; lastKnownFileType = sourcecode.swift; path = MovieDetailPresenter.swift; sourceTree = "<group>"; };
		95A9A9FE294A111A00E618BA /* MovieDetailRouter.swift */ = {isa = PBXFileReference; lastKnownFileType = sourcecode.swift; path = MovieDetailRouter.swift; sourceTree = "<group>"; };
		95A9AA00294A112600E618BA /* MovieDetailProtocol.swift */ = {isa = PBXFileReference; lastKnownFileType = sourcecode.swift; path = MovieDetailProtocol.swift; sourceTree = "<group>"; };
		95A9AA02294A165000E618BA /* ReviewModel.swift */ = {isa = PBXFileReference; lastKnownFileType = sourcecode.swift; path = ReviewModel.swift; sourceTree = "<group>"; };
		95A9AA04294A169700E618BA /* TrailerModel.swift */ = {isa = PBXFileReference; lastKnownFileType = sourcecode.swift; path = TrailerModel.swift; sourceTree = "<group>"; };
		95DD14C2294AD391009465F4 /* MovieDetailSegment.swift */ = {isa = PBXFileReference; lastKnownFileType = sourcecode.swift; path = MovieDetailSegment.swift; sourceTree = "<group>"; };
		95DD14C4294AD7BF009465F4 /* ReviewCell.swift */ = {isa = PBXFileReference; lastKnownFileType = sourcecode.swift; path = ReviewCell.swift; sourceTree = "<group>"; };
		95DD14C7294AD973009465F4 /* UILabel+RequiredHeight.swift */ = {isa = PBXFileReference; lastKnownFileType = sourcecode.swift; path = "UILabel+RequiredHeight.swift"; sourceTree = "<group>"; };
		95DD14C9294AD9C7009465F4 /* ReviewTable.swift */ = {isa = PBXFileReference; lastKnownFileType = sourcecode.swift; path = ReviewTable.swift; sourceTree = "<group>"; };
		B4D7BC5A0850BAD59EC2F808 /* Pods-mandiri-technical.debug.xcconfig */ = {isa = PBXFileReference; includeInIndex = 1; lastKnownFileType = text.xcconfig; name = "Pods-mandiri-technical.debug.xcconfig"; path = "Target Support Files/Pods-mandiri-technical/Pods-mandiri-technical.debug.xcconfig"; sourceTree = "<group>"; };
/* End PBXFileReference section */

/* Begin PBXFrameworksBuildPhase section */
		950613292948724400EBA2FD /* Frameworks */ = {
			isa = PBXFrameworksBuildPhase;
			buildActionMask = 2147483647;
			files = (
				CE01FE0F2625A6BC20AE7FE6 /* Pods_mandiri_technical.framework in Frameworks */,
			);
			runOnlyForDeploymentPostprocessing = 0;
		};
/* End PBXFrameworksBuildPhase section */

/* Begin PBXGroup section */
		025ED93135FF90123677080F /* Pods */ = {
			isa = PBXGroup;
			children = (
				B4D7BC5A0850BAD59EC2F808 /* Pods-mandiri-technical.debug.xcconfig */,
				5B6CE36871B4F372647BF11D /* Pods-mandiri-technical.release.xcconfig */,
			);
			path = Pods;
			sourceTree = "<group>";
		};
		3892C61F23A7B962B92B19CD /* Frameworks */ = {
			isa = PBXGroup;
			children = (
				6F902BDB70FCAF428EB71009 /* Pods_mandiri_technical.framework */,
			);
			name = Frameworks;
			sourceTree = "<group>";
		};
		950613232948724400EBA2FD = {
			isa = PBXGroup;
			children = (
				9506132E2948724400EBA2FD /* mandiri-technical */,
				9506132D2948724400EBA2FD /* Products */,
				025ED93135FF90123677080F /* Pods */,
				3892C61F23A7B962B92B19CD /* Frameworks */,
			);
			sourceTree = "<group>";
		};
		9506132D2948724400EBA2FD /* Products */ = {
			isa = PBXGroup;
			children = (
				9506132C2948724400EBA2FD /* mandiri-technical.app */,
			);
			name = Products;
			sourceTree = "<group>";
		};
		9506132E2948724400EBA2FD /* mandiri-technical */ = {
			isa = PBXGroup;
			children = (
				95A9A9DA294996EE00E618BA /* Helpers */,
				95A9A9EA2949C4F700E618BA /* Modules */,
				9506132F2948724400EBA2FD /* AppDelegate.swift */,
				950613312948724400EBA2FD /* SceneDelegate.swift */,
				950613352948724400EBA2FD /* Main.storyboard */,
				950613382948724500EBA2FD /* Assets.xcassets */,
				9506133A2948724500EBA2FD /* LaunchScreen.storyboard */,
				9506133D2948724500EBA2FD /* Info.plist */,
			);
			path = "mandiri-technical";
			sourceTree = "<group>";
		};
		956BD019294DC64E00B7BBE4 /* Models */ = {
			isa = PBXGroup;
			children = (
				95A9AA02294A165000E618BA /* ReviewModel.swift */,
				956BD017294DC63300B7BBE4 /* AuthorDetailModel.swift */,
				95A9AA04294A169700E618BA /* TrailerModel.swift */,
			);
			path = Models;
			sourceTree = "<group>";
		};
		956BD01A294DC66200B7BBE4 /* Components */ = {
			isa = PBXGroup;
			children = (
				95DD14C2294AD391009465F4 /* MovieDetailSegment.swift */,
				953220E1294D9DD30008D1E8 /* NoVideoView.swift */,
				956BD01B294DC67800B7BBE4 /* Review-Table */,
			);
			path = Components;
			sourceTree = "<group>";
		};
		956BD01B294DC67800B7BBE4 /* Review-Table */ = {
			isa = PBXGroup;
			children = (
				95DD14C4294AD7BF009465F4 /* ReviewCell.swift */,
				95DD14C9294AD9C7009465F4 /* ReviewTable.swift */,
			);
			path = "Review-Table";
			sourceTree = "<group>";
		};
		956BD01C294DC68C00B7BBE4 /* Components */ = {
			isa = PBXGroup;
			children = (
				956BD01D294DC69200B7BBE4 /* Movie-Table */,
			);
			path = Components;
			sourceTree = "<group>";
		};
		956BD01D294DC69200B7BBE4 /* Movie-Table */ = {
			isa = PBXGroup;
			children = (
				95A9A9E42949ADA400E618BA /* MovieCell.swift */,
				95A9A9F32949DBD300E618BA /* MovieTable.swift */,
			);
			path = "Movie-Table";
			sourceTree = "<group>";
		};
		95A9A9CF2949951200E618BA /* Movie-List */ = {
			isa = PBXGroup;
			children = (
				95A9A9D02949953400E618BA /* MovieListVC.swift */,
				95A9A9D22949954C00E618BA /* MovieListInteractor.swift */,
				95A9A9DD2949A51800E618BA /* MovieListPresenter.swift */,
				95A9A9D82949957D00E618BA /* MovieListRouter.swift */,
				95A9A9F02949C68A00E618BA /* MovieListProtocol.swift */,
				95A9A9D62949957300E618BA /* MovieModel.swift */,
				956BD01C294DC68C00B7BBE4 /* Components */,
			);
			path = "Movie-List";
			sourceTree = "<group>";
		};
		95A9A9DA294996EE00E618BA /* Helpers */ = {
			isa = PBXGroup;
			children = (
				95DD14C6294AD969009465F4 /* Extensions */,
				95A9A9DB2949970900E618BA /* Constants.swift */,
				95A9A9DF2949A67500E618BA /* ProgressIndicator.swift */,
				95A9A9E12949A6A400E618BA /* Utils.swift */,
			);
			path = Helpers;
			sourceTree = "<group>";
		};
		95A9A9EA2949C4F700E618BA /* Modules */ = {
			isa = PBXGroup;
			children = (
				95A9AA06294A1C2600E618BA /* Genre-List */,
				95A9A9CF2949951200E618BA /* Movie-List */,
				95A9A9F52949E0D400E618BA /* Movie-Detail */,
			);
			path = Modules;
			sourceTree = "<group>";
		};
		95A9A9F52949E0D400E618BA /* Movie-Detail */ = {
			isa = PBXGroup;
			children = (
				95A9A9F6294A10DA00E618BA /* MovieDetailVC.swift */,
				95A9A9F8294A10E700E618BA /* MovieDetailInteractor.swift */,
				95A9A9FA294A10F600E618BA /* MovieDetailPresenter.swift */,
				95A9A9FE294A111A00E618BA /* MovieDetailRouter.swift */,
				95A9AA00294A112600E618BA /* MovieDetailProtocol.swift */,
				956BD019294DC64E00B7BBE4 /* Models */,
				956BD01A294DC66200B7BBE4 /* Components */,
			);
			path = "Movie-Detail";
			sourceTree = "<group>";
		};
		95A9AA06294A1C2600E618BA /* Genre-List */ = {
			isa = PBXGroup;
			children = (
				956BD00B294DABB100B7BBE4 /* GenreVC.swift */,
				956BD00D294DABBF00B7BBE4 /* GenreInteractor.swift */,
				956BD00F294DABC500B7BBE4 /* GenrePresenter.swift */,
				956BD011294DABCE00B7BBE4 /* GenreRouter.swift */,
				956BD013294DABD400B7BBE4 /* GenreProtocol.swift */,
				956BD015294DABDA00B7BBE4 /* GenreModel.swift */,
			);
			path = "Genre-List";
			sourceTree = "<group>";
		};
		95DD14C6294AD969009465F4 /* Extensions */ = {
			isa = PBXGroup;
			children = (
				95DD14C7294AD973009465F4 /* UILabel+RequiredHeight.swift */,
			);
			path = Extensions;
			sourceTree = "<group>";
		};
/* End PBXGroup section */

/* Begin PBXNativeTarget section */
		9506132B2948724400EBA2FD /* mandiri-technical */ = {
			isa = PBXNativeTarget;
			buildConfigurationList = 950613402948724500EBA2FD /* Build configuration list for PBXNativeTarget "mandiri-technical" */;
			buildPhases = (
				A13BDDF6A7A120802D15E76D /* [CP] Check Pods Manifest.lock */,
				950613282948724400EBA2FD /* Sources */,
				950613292948724400EBA2FD /* Frameworks */,
				9506132A2948724400EBA2FD /* Resources */,
				0EB39B7DBD94C6290784247F /* [CP] Embed Pods Frameworks */,
			);
			buildRules = (
			);
			dependencies = (
			);
			name = "mandiri-technical";
			productName = "mandiri-technical";
			productReference = 9506132C2948724400EBA2FD /* mandiri-technical.app */;
			productType = "com.apple.product-type.application";
		};
/* End PBXNativeTarget section */

/* Begin PBXProject section */
		950613242948724400EBA2FD /* Project object */ = {
			isa = PBXProject;
			attributes = {
				BuildIndependentTargetsInParallel = 1;
				LastSwiftUpdateCheck = 1410;
				LastUpgradeCheck = 1410;
				TargetAttributes = {
					9506132B2948724400EBA2FD = {
						CreatedOnToolsVersion = 14.1;
					};
				};
			};
			buildConfigurationList = 950613272948724400EBA2FD /* Build configuration list for PBXProject "mandiri-technical" */;
			compatibilityVersion = "Xcode 14.0";
			developmentRegion = en;
			hasScannedForEncodings = 0;
			knownRegions = (
				en,
				Base,
			);
			mainGroup = 950613232948724400EBA2FD;
			productRefGroup = 9506132D2948724400EBA2FD /* Products */;
			projectDirPath = "";
			projectRoot = "";
			targets = (
				9506132B2948724400EBA2FD /* mandiri-technical */,
			);
		};
/* End PBXProject section */

/* Begin PBXResourcesBuildPhase section */
		9506132A2948724400EBA2FD /* Resources */ = {
			isa = PBXResourcesBuildPhase;
			buildActionMask = 2147483647;
			files = (
				9506133C2948724500EBA2FD /* LaunchScreen.storyboard in Resources */,
				950613392948724500EBA2FD /* Assets.xcassets in Resources */,
				950613372948724400EBA2FD /* Main.storyboard in Resources */,
			);
			runOnlyForDeploymentPostprocessing = 0;
		};
/* End PBXResourcesBuildPhase section */

/* Begin PBXShellScriptBuildPhase section */
		0EB39B7DBD94C6290784247F /* [CP] Embed Pods Frameworks */ = {
			isa = PBXShellScriptBuildPhase;
			buildActionMask = 2147483647;
			files = (
			);
			inputFileListPaths = (
				"${PODS_ROOT}/Target Support Files/Pods-mandiri-technical/Pods-mandiri-technical-frameworks-${CONFIGURATION}-input-files.xcfilelist",
			);
			name = "[CP] Embed Pods Frameworks";
			outputFileListPaths = (
				"${PODS_ROOT}/Target Support Files/Pods-mandiri-technical/Pods-mandiri-technical-frameworks-${CONFIGURATION}-output-files.xcfilelist",
			);
			runOnlyForDeploymentPostprocessing = 0;
			shellPath = /bin/sh;
			shellScript = "\"${PODS_ROOT}/Target Support Files/Pods-mandiri-technical/Pods-mandiri-technical-frameworks.sh\"\n";
			showEnvVarsInLog = 0;
		};
		A13BDDF6A7A120802D15E76D /* [CP] Check Pods Manifest.lock */ = {
			isa = PBXShellScriptBuildPhase;
			buildActionMask = 2147483647;
			files = (
			);
			inputFileListPaths = (
			);
			inputPaths = (
				"${PODS_PODFILE_DIR_PATH}/Podfile.lock",
				"${PODS_ROOT}/Manifest.lock",
			);
			name = "[CP] Check Pods Manifest.lock";
			outputFileListPaths = (
			);
			outputPaths = (
				"$(DERIVED_FILE_DIR)/Pods-mandiri-technical-checkManifestLockResult.txt",
			);
			runOnlyForDeploymentPostprocessing = 0;
			shellPath = /bin/sh;
			shellScript = "diff \"${PODS_PODFILE_DIR_PATH}/Podfile.lock\" \"${PODS_ROOT}/Manifest.lock\" > /dev/null\nif [ $? != 0 ] ; then\n    # print error to STDERR\n    echo \"error: The sandbox is not in sync with the Podfile.lock. Run 'pod install' or update your CocoaPods installation.\" >&2\n    exit 1\nfi\n# This output is used by Xcode 'outputs' to avoid re-running this script phase.\necho \"SUCCESS\" > \"${SCRIPT_OUTPUT_FILE_0}\"\n";
			showEnvVarsInLog = 0;
		};
/* End PBXShellScriptBuildPhase section */

/* Begin PBXSourcesBuildPhase section */
		950613282948724400EBA2FD /* Sources */ = {
			isa = PBXSourcesBuildPhase;
			buildActionMask = 2147483647;
			files = (
				95A9A9D72949957300E618BA /* MovieModel.swift in Sources */,
				95A9A9DE2949A51800E618BA /* MovieListPresenter.swift in Sources */,
				956BD00E294DABBF00B7BBE4 /* GenreInteractor.swift in Sources */,
				956BD00C294DABB100B7BBE4 /* GenreVC.swift in Sources */,
				95A9A9E52949ADA400E618BA /* MovieCell.swift in Sources */,
				95DD14C3294AD391009465F4 /* MovieDetailSegment.swift in Sources */,
				95A9A9D12949953400E618BA /* MovieListVC.swift in Sources */,
				953220E2294D9DD30008D1E8 /* NoVideoView.swift in Sources */,
				95A9A9D32949954C00E618BA /* MovieListInteractor.swift in Sources */,
				956BD018294DC63300B7BBE4 /* AuthorDetailModel.swift in Sources */,
				956BD012294DABCE00B7BBE4 /* GenreRouter.swift in Sources */,
				95A9A9FF294A111A00E618BA /* MovieDetailRouter.swift in Sources */,
				95A9A9F42949DBD300E618BA /* MovieTable.swift in Sources */,
				95A9A9FB294A10F600E618BA /* MovieDetailPresenter.swift in Sources */,
				950613302948724400EBA2FD /* AppDelegate.swift in Sources */,
				95A9A9F9294A10E700E618BA /* MovieDetailInteractor.swift in Sources */,
				956BD016294DABDA00B7BBE4 /* GenreModel.swift in Sources */,
				95A9A9F12949C68B00E618BA /* MovieListProtocol.swift in Sources */,
				95DD14C8294AD973009465F4 /* UILabel+RequiredHeight.swift in Sources */,
				956BD014294DABD400B7BBE4 /* GenreProtocol.swift in Sources */,
				95A9A9DC2949970900E618BA /* Constants.swift in Sources */,
				95DD14C5294AD7BF009465F4 /* ReviewCell.swift in Sources */,
				95A9A9D92949957D00E618BA /* MovieListRouter.swift in Sources */,
				95A9A9F7294A10DA00E618BA /* MovieDetailVC.swift in Sources */,
				95A9A9E22949A6A400E618BA /* Utils.swift in Sources */,
				95A9A9E02949A67500E618BA /* ProgressIndicator.swift in Sources */,
				956BD010294DABC500B7BBE4 /* GenrePresenter.swift in Sources */,
				950613322948724400EBA2FD /* SceneDelegate.swift in Sources */,
				95DD14CA294AD9C7009465F4 /* ReviewTable.swift in Sources */,
				95A9AA05294A169700E618BA /* TrailerModel.swift in Sources */,
				95A9AA01294A112600E618BA /* MovieDetailProtocol.swift in Sources */,
				95A9AA03294A165000E618BA /* ReviewModel.swift in Sources */,
			);
			runOnlyForDeploymentPostprocessing = 0;
		};
/* End PBXSourcesBuildPhase section */

/* Begin PBXVariantGroup section */
		950613352948724400EBA2FD /* Main.storyboard */ = {
			isa = PBXVariantGroup;
			children = (
				950613362948724400EBA2FD /* Base */,
			);
			name = Main.storyboard;
			sourceTree = "<group>";
		};
		9506133A2948724500EBA2FD /* LaunchScreen.storyboard */ = {
			isa = PBXVariantGroup;
			children = (
				9506133B2948724500EBA2FD /* Base */,
			);
			name = LaunchScreen.storyboard;
			sourceTree = "<group>";
		};
/* End PBXVariantGroup section */

/* Begin XCBuildConfiguration section */
		9506133E2948724500EBA2FD /* Debug */ = {
			isa = XCBuildConfiguration;
			buildSettings = {
				ALWAYS_SEARCH_USER_PATHS = NO;
				CLANG_ANALYZER_NONNULL = YES;
				CLANG_ANALYZER_NUMBER_OBJECT_CONVERSION = YES_AGGRESSIVE;
				CLANG_CXX_LANGUAGE_STANDARD = "gnu++20";
				CLANG_ENABLE_MODULES = YES;
				CLANG_ENABLE_OBJC_ARC = YES;
				CLANG_ENABLE_OBJC_WEAK = YES;
				CLANG_WARN_BLOCK_CAPTURE_AUTORELEASING = YES;
				CLANG_WARN_BOOL_CONVERSION = YES;
				CLANG_WARN_COMMA = YES;
				CLANG_WARN_CONSTANT_CONVERSION = YES;
				CLANG_WARN_DEPRECATED_OBJC_IMPLEMENTATIONS = YES;
				CLANG_WARN_DIRECT_OBJC_ISA_USAGE = YES_ERROR;
				CLANG_WARN_DOCUMENTATION_COMMENTS = YES;
				CLANG_WARN_EMPTY_BODY = YES;
				CLANG_WARN_ENUM_CONVERSION = YES;
				CLANG_WARN_INFINITE_RECURSION = YES;
				CLANG_WARN_INT_CONVERSION = YES;
				CLANG_WARN_NON_LITERAL_NULL_CONVERSION = YES;
				CLANG_WARN_OBJC_IMPLICIT_RETAIN_SELF = YES;
				CLANG_WARN_OBJC_LITERAL_CONVERSION = YES;
				CLANG_WARN_OBJC_ROOT_CLASS = YES_ERROR;
				CLANG_WARN_QUOTED_INCLUDE_IN_FRAMEWORK_HEADER = YES;
				CLANG_WARN_RANGE_LOOP_ANALYSIS = YES;
				CLANG_WARN_STRICT_PROTOTYPES = YES;
				CLANG_WARN_SUSPICIOUS_MOVE = YES;
				CLANG_WARN_UNGUARDED_AVAILABILITY = YES_AGGRESSIVE;
				CLANG_WARN_UNREACHABLE_CODE = YES;
				CLANG_WARN__DUPLICATE_METHOD_MATCH = YES;
				COPY_PHASE_STRIP = NO;
				DEBUG_INFORMATION_FORMAT = dwarf;
				ENABLE_STRICT_OBJC_MSGSEND = YES;
				ENABLE_TESTABILITY = YES;
				GCC_C_LANGUAGE_STANDARD = gnu11;
				GCC_DYNAMIC_NO_PIC = NO;
				GCC_NO_COMMON_BLOCKS = YES;
				GCC_OPTIMIZATION_LEVEL = 0;
				GCC_PREPROCESSOR_DEFINITIONS = (
					"DEBUG=1",
					"$(inherited)",
				);
				GCC_WARN_64_TO_32_BIT_CONVERSION = YES;
				GCC_WARN_ABOUT_RETURN_TYPE = YES_ERROR;
				GCC_WARN_UNDECLARED_SELECTOR = YES;
				GCC_WARN_UNINITIALIZED_AUTOS = YES_AGGRESSIVE;
				GCC_WARN_UNUSED_FUNCTION = YES;
				GCC_WARN_UNUSED_VARIABLE = YES;
				IPHONEOS_DEPLOYMENT_TARGET = 13.0;
				MTL_ENABLE_DEBUG_INFO = INCLUDE_SOURCE;
				MTL_FAST_MATH = YES;
				ONLY_ACTIVE_ARCH = YES;
				SDKROOT = iphoneos;
				SWIFT_ACTIVE_COMPILATION_CONDITIONS = DEBUG;
				SWIFT_OPTIMIZATION_LEVEL = "-Onone";
			};
			name = Debug;
		};
		9506133F2948724500EBA2FD /* Release */ = {
			isa = XCBuildConfiguration;
			buildSettings = {
				ALWAYS_SEARCH_USER_PATHS = NO;
				CLANG_ANALYZER_NONNULL = YES;
				CLANG_ANALYZER_NUMBER_OBJECT_CONVERSION = YES_AGGRESSIVE;
				CLANG_CXX_LANGUAGE_STANDARD = "gnu++20";
				CLANG_ENABLE_MODULES = YES;
				CLANG_ENABLE_OBJC_ARC = YES;
				CLANG_ENABLE_OBJC_WEAK = YES;
				CLANG_WARN_BLOCK_CAPTURE_AUTORELEASING = YES;
				CLANG_WARN_BOOL_CONVERSION = YES;
				CLANG_WARN_COMMA = YES;
				CLANG_WARN_CONSTANT_CONVERSION = YES;
				CLANG_WARN_DEPRECATED_OBJC_IMPLEMENTATIONS = YES;
				CLANG_WARN_DIRECT_OBJC_ISA_USAGE = YES_ERROR;
				CLANG_WARN_DOCUMENTATION_COMMENTS = YES;
				CLANG_WARN_EMPTY_BODY = YES;
				CLANG_WARN_ENUM_CONVERSION = YES;
				CLANG_WARN_INFINITE_RECURSION = YES;
				CLANG_WARN_INT_CONVERSION = YES;
				CLANG_WARN_NON_LITERAL_NULL_CONVERSION = YES;
				CLANG_WARN_OBJC_IMPLICIT_RETAIN_SELF = YES;
				CLANG_WARN_OBJC_LITERAL_CONVERSION = YES;
				CLANG_WARN_OBJC_ROOT_CLASS = YES_ERROR;
				CLANG_WARN_QUOTED_INCLUDE_IN_FRAMEWORK_HEADER = YES;
				CLANG_WARN_RANGE_LOOP_ANALYSIS = YES;
				CLANG_WARN_STRICT_PROTOTYPES = YES;
				CLANG_WARN_SUSPICIOUS_MOVE = YES;
				CLANG_WARN_UNGUARDED_AVAILABILITY = YES_AGGRESSIVE;
				CLANG_WARN_UNREACHABLE_CODE = YES;
				CLANG_WARN__DUPLICATE_METHOD_MATCH = YES;
				COPY_PHASE_STRIP = NO;
				DEBUG_INFORMATION_FORMAT = "dwarf-with-dsym";
				ENABLE_NS_ASSERTIONS = NO;
				ENABLE_STRICT_OBJC_MSGSEND = YES;
				GCC_C_LANGUAGE_STANDARD = gnu11;
				GCC_NO_COMMON_BLOCKS = YES;
				GCC_WARN_64_TO_32_BIT_CONVERSION = YES;
				GCC_WARN_ABOUT_RETURN_TYPE = YES_ERROR;
				GCC_WARN_UNDECLARED_SELECTOR = YES;
				GCC_WARN_UNINITIALIZED_AUTOS = YES_AGGRESSIVE;
				GCC_WARN_UNUSED_FUNCTION = YES;
				GCC_WARN_UNUSED_VARIABLE = YES;
				IPHONEOS_DEPLOYMENT_TARGET = 13.0;
				MTL_ENABLE_DEBUG_INFO = NO;
				MTL_FAST_MATH = YES;
				SDKROOT = iphoneos;
				SWIFT_COMPILATION_MODE = wholemodule;
				SWIFT_OPTIMIZATION_LEVEL = "-O";
				VALIDATE_PRODUCT = YES;
			};
			name = Release;
		};
		950613412948724500EBA2FD /* Debug */ = {
			isa = XCBuildConfiguration;
			baseConfigurationReference = B4D7BC5A0850BAD59EC2F808 /* Pods-mandiri-technical.debug.xcconfig */;
			buildSettings = {
				ASSETCATALOG_COMPILER_APPICON_NAME = AppIcon;
				ASSETCATALOG_COMPILER_GLOBAL_ACCENT_COLOR_NAME = AccentColor;
				"CODE_SIGN_IDENTITY[sdk=macosx*]" = "Apple Development";
				CODE_SIGN_STYLE = Automatic;
				CURRENT_PROJECT_VERSION = 1;
				DEVELOPMENT_TEAM = "";
				GENERATE_INFOPLIST_FILE = YES;
				INFOPLIST_FILE = "mandiri-technical/Info.plist";
				INFOPLIST_KEY_CFBundleDisplayName = MandiriMovie;
				INFOPLIST_KEY_UIApplicationSupportsIndirectInputEvents = YES;
				INFOPLIST_KEY_UILaunchStoryboardName = "";
				INFOPLIST_KEY_UIMainStoryboardFile = Main;
				INFOPLIST_KEY_UISupportedInterfaceOrientations = "UIInterfaceOrientationPortrait UIInterfaceOrientationPortraitUpsideDown";
				INFOPLIST_KEY_UISupportedInterfaceOrientations_iPad = "UIInterfaceOrientationLandscapeLeft UIInterfaceOrientationLandscapeRight UIInterfaceOrientationPortrait UIInterfaceOrientationPortraitUpsideDown";
				IPHONEOS_DEPLOYMENT_TARGET = 13.0;
				LD_RUNPATH_SEARCH_PATHS = (
					"$(inherited)",
					"@executable_path/Frameworks",
				);
				MARKETING_VERSION = 1.0;
				PRODUCT_BUNDLE_IDENTIFIER = "com.daffa.mandiri-technical";
				PRODUCT_NAME = "$(TARGET_NAME)";
				SUPPORTED_PLATFORMS = "iphoneos iphonesimulator";
				SUPPORTS_MACCATALYST = NO;
				SUPPORTS_MAC_DESIGNED_FOR_IPHONE_IPAD = NO;
				SWIFT_EMIT_LOC_STRINGS = YES;
				SWIFT_VERSION = 5.0;
				TARGETED_DEVICE_FAMILY = 1;
			};
			name = Debug;
		};
		950613422948724500EBA2FD /* Release */ = {
			isa = XCBuildConfiguration;
			baseConfigurationReference = 5B6CE36871B4F372647BF11D /* Pods-mandiri-technical.release.xcconfig */;
			buildSettings = {
				ASSETCATALOG_COMPILER_APPICON_NAME = AppIcon;
				ASSETCATALOG_COMPILER_GLOBAL_ACCENT_COLOR_NAME = AccentColor;
				"CODE_SIGN_IDENTITY[sdk=macosx*]" = "Apple Development";
				CODE_SIGN_STYLE = Automatic;
				CURRENT_PROJECT_VERSION = 1;
				DEVELOPMENT_TEAM = "";
				GENERATE_INFOPLIST_FILE = YES;
				INFOPLIST_FILE = "mandiri-technical/Info.plist";
				INFOPLIST_KEY_CFBundleDisplayName = MandiriMovie;
				INFOPLIST_KEY_UIApplicationSupportsIndirectInputEvents = YES;
				INFOPLIST_KEY_UILaunchStoryboardName = "";
				INFOPLIST_KEY_UIMainStoryboardFile = Main;
				INFOPLIST_KEY_UISupportedInterfaceOrientations = "UIInterfaceOrientationPortrait UIInterfaceOrientationPortraitUpsideDown";
				INFOPLIST_KEY_UISupportedInterfaceOrientations_iPad = "UIInterfaceOrientationLandscapeLeft UIInterfaceOrientationLandscapeRight UIInterfaceOrientationPortrait UIInterfaceOrientationPortraitUpsideDown";
				IPHONEOS_DEPLOYMENT_TARGET = 13.0;
				LD_RUNPATH_SEARCH_PATHS = (
					"$(inherited)",
					"@executable_path/Frameworks",
				);
				MARKETING_VERSION = 1.0;
				PRODUCT_BUNDLE_IDENTIFIER = "com.daffa.mandiri-technical";
				PRODUCT_NAME = "$(TARGET_NAME)";
				SUPPORTED_PLATFORMS = "iphoneos iphonesimulator";
				SUPPORTS_MACCATALYST = NO;
				SUPPORTS_MAC_DESIGNED_FOR_IPHONE_IPAD = NO;
				SWIFT_EMIT_LOC_STRINGS = YES;
				SWIFT_VERSION = 5.0;
				TARGETED_DEVICE_FAMILY = 1;
			};
			name = Release;
		};
/* End XCBuildConfiguration section */

/* Begin XCConfigurationList section */
		950613272948724400EBA2FD /* Build configuration list for PBXProject "mandiri-technical" */ = {
			isa = XCConfigurationList;
			buildConfigurations = (
				9506133E2948724500EBA2FD /* Debug */,
				9506133F2948724500EBA2FD /* Release */,
			);
			defaultConfigurationIsVisible = 0;
			defaultConfigurationName = Release;
		};
		950613402948724500EBA2FD /* Build configuration list for PBXNativeTarget "mandiri-technical" */ = {
			isa = XCConfigurationList;
			buildConfigurations = (
				950613412948724500EBA2FD /* Debug */,
				950613422948724500EBA2FD /* Release */,
			);
			defaultConfigurationIsVisible = 0;
			defaultConfigurationName = Release;
		};
/* End XCConfigurationList section */
	};
	rootObject = 950613242948724400EBA2FD /* Project object */;
}
