// !$*UTF8*$!
{
	archiveVersion = 1;
	classes = {
	};
	objectVersion = 56;
	objects = {

/* Begin PBXBuildFile section */
		950613302948724400EBA2FD /* AppDelegate.swift in Sources */ = {isa = PBXBuildFile; fileRef = 9506132F2948724400EBA2FD /* AppDelegate.swift */; };
		950613322948724400EBA2FD /* SceneDelegate.swift in Sources */ = {isa = PBXBuildFile; fileRef = 950613312948724400EBA2FD /* SceneDelegate.swift */; };
		950613342948724400EBA2FD /* ViewController.swift in Sources */ = {isa = PBXBuildFile; fileRef = 950613332948724400EBA2FD /* ViewController.swift */; };
		950613372948724400EBA2FD /* Main.storyboard in Resources */ = {isa = PBXBuildFile; fileRef = 950613352948724400EBA2FD /* Main.storyboard */; };
		950613392948724500EBA2FD /* Assets.xcassets in Resources */ = {isa = PBXBuildFile; fileRef = 950613382948724500EBA2FD /* Assets.xcassets */; };
		9506133C2948724500EBA2FD /* LaunchScreen.storyboard in Resources */ = {isa = PBXBuildFile; fileRef = 9506133A2948724500EBA2FD /* LaunchScreen.storyboard */; };
		CE01FE0F2625A6BC20AE7FE6 /* Pods_mandiri_technical.framework in Frameworks */ = {isa = PBXBuildFile; fileRef = 6F902BDB70FCAF428EB71009 /* Pods_mandiri_technical.framework */; };
/* End PBXBuildFile section */

/* Begin PBXFileReference section */
		5B6CE36871B4F372647BF11D /* Pods-mandiri-technical.release.xcconfig */ = {isa = PBXFileReference; includeInIndex = 1; lastKnownFileType = text.xcconfig; name = "Pods-mandiri-technical.release.xcconfig"; path = "Target Support Files/Pods-mandiri-technical/Pods-mandiri-technical.release.xcconfig"; sourceTree = "<group>"; };
		6F902BDB70FCAF428EB71009 /* Pods_mandiri_technical.framework */ = {isa = PBXFileReference; explicitFileType = wrapper.framework; includeInIndex = 0; path = Pods_mandiri_technical.framework; sourceTree = BUILT_PRODUCTS_DIR; };
		9506132C2948724400EBA2FD /* mandiri-technical.app */ = {isa = PBXFileReference; explicitFileType = wrapper.application; includeInIndex = 0; path = "mandiri-technical.app"; sourceTree = BUILT_PRODUCTS_DIR; };
		9506132F2948724400EBA2FD /* AppDelegate.swift */ = {isa = PBXFileReference; lastKnownFileType = sourcecode.swift; path = AppDelegate.swift; sourceTree = "<group>"; };
		950613312948724400EBA2FD /* SceneDelegate.swift */ = {isa = PBXFileReference; lastKnownFileType = sourcecode.swift; path = SceneDelegate.swift; sourceTree = "<group>"; };
		950613332948724400EBA2FD /* ViewController.swift */ = {isa = PBXFileReference; lastKnownFileType = sourcecode.swift; path = ViewController.swift; sourceTree = "<group>"; };
		950613362948724400EBA2FD /* Base */ = {isa = PBXFileReference; lastKnownFileType = file.storyboard; name = Base; path = Base.lproj/Main.storyboard; sourceTree = "<group>"; };
		950613382948724500EBA2FD /* Assets.xcassets */ = {isa = PBXFileReference; lastKnownFileType = folder.assetcatalog; path = Assets.xcassets; sourceTree = "<group>"; };
		9506133B2948724500EBA2FD /* Base */ = {isa = PBXFileReference; lastKnownFileType = file.storyboard; name = Base; path = Base.lproj/LaunchScreen.storyboard; sourceTree = "<group>"; };
		9506133D2948724500EBA2FD /* Info.plist */ = {isa = PBXFileReference; lastKnownFileType = text.plist.xml; path = Info.plist; sourceTree = "<group>"; };
		B4D7BC5A0850BAD59EC2F808 /* Pods-mandiri-technical.debug.xcconfig */ = {isa = PBXFileReference; includeInIndex = 1; lastKnownFileType = text.xcconfig; name = "Pods-mandiri-technical.debug.xcconfig"; path = "Target Support Files/Pods-mandiri-technical/Pods-mandiri-technical.debug.xcconfig"; sourceTree = "<group>"; };
/* End PBXFileReference section */

/* Begin PBXFrameworksBuildPhase section */
		950613292948724400EBA2FD /* Frameworks */ = {
			isa = PBXFrameworksBuildPhase;
			buildActionMask = 2147483647;
			files = (
				CE01FE0F2625A6BC20AE7FE6 /* Pods_mandiri_technical.framework in Frameworks */,
			);
			runOnlyForDeploymentPostprocessing = 0;
		};
/* End PBXFrameworksBuildPhase section */

/* Begin PBXGroup section */
		025ED93135FF90123677080F /* Pods */ = {
			isa = PBXGroup;
			children = (
				B4D7BC5A0850BAD59EC2F808 /* Pods-mandiri-technical.debug.xcconfig */,
				5B6CE36871B4F372647BF11D /* Pods-mandiri-technical.release.xcconfig */,
			);
			path = Pods;
			sourceTree = "<group>";
		};
		3892C61F23A7B962B92B19CD /* Frameworks */ = {
			isa = PBXGroup;
			children = (
				6F902BDB70FCAF428EB71009 /* Pods_mandiri_technical.framework */,
			);
			name = Frameworks;
			sourceTree = "<group>";
		};
		950613232948724400EBA2FD = {
			isa = PBXGroup;
			children = (
				9506132E2948724400EBA2FD /* mandiri-technical */,
				9506132D2948724400EBA2FD /* Products */,
				025ED93135FF90123677080F /* Pods */,
				3892C61F23A7B962B92B19CD /* Frameworks */,
			);
			sourceTree = "<group>";
		};
		9506132D2948724400EBA2FD /* Products */ = {
			isa = PBXGroup;
			children = (
				9506132C2948724400EBA2FD /* mandiri-technical.app */,
			);
			name = Products;
			sourceTree = "<group>";
		};
		9506132E2948724400EBA2FD /* mandiri-technical */ = {
			isa = PBXGroup;
			children = (
				9506132F2948724400EBA2FD /* AppDelegate.swift */,
				950613312948724400EBA2FD /* SceneDelegate.swift */,
				950613332948724400EBA2FD /* ViewController.swift */,
				950613352948724400EBA2FD /* Main.storyboard */,
				950613382948724500EBA2FD /* Assets.xcassets */,
				9506133A2948724500EBA2FD /* LaunchScreen.storyboard */,
				9506133D2948724500EBA2FD /* Info.plist */,
			);
			path = "mandiri-technical";
			sourceTree = "<group>";
		};
/* End PBXGroup section */

/* Begin PBXNativeTarget section */
		9506132B2948724400EBA2FD /* mandiri-technical */ = {
			isa = PBXNativeTarget;
			buildConfigurationList = 950613402948724500EBA2FD /* Build configuration list for PBXNativeTarget "mandiri-technical" */;
			buildPhases = (
				A13BDDF6A7A120802D15E76D /* [CP] Check Pods Manifest.lock */,
				950613282948724400EBA2FD /* Sources */,
				950613292948724400EBA2FD /* Frameworks */,
				9506132A2948724400EBA2FD /* Resources */,
				0EB39B7DBD94C6290784247F /* [CP] Embed Pods Frameworks */,
			);
			buildRules = (
			);
			dependencies = (
			);
			name = "mandiri-technical";
			productName = "mandiri-technical";
			productReference = 9506132C2948724400EBA2FD /* mandiri-technical.app */;
			productType = "com.apple.product-type.application";
		};
/* End PBXNativeTarget section */

/* Begin PBXProject section */
		950613242948724400EBA2FD /* Project object */ = {
			isa = PBXProject;
			attributes = {
				BuildIndependentTargetsInParallel = 1;
				LastSwiftUpdateCheck = 1410;
				LastUpgradeCheck = 1410;
				TargetAttributes = {
					9506132B2948724400EBA2FD = {
						CreatedOnToolsVersion = 14.1;
					};
				};
			};
			buildConfigurationList = 950613272948724400EBA2FD /* Build configuration list for PBXProject "mandiri-technical" */;
			compatibilityVersion = "Xcode 14.0";
			developmentRegion = en;
			hasScannedForEncodings = 0;
			knownRegions = (
				en,
				Base,
			);
			mainGroup = 950613232948724400EBA2FD;
			productRefGroup = 9506132D2948724400EBA2FD /* Products */;
			projectDirPath = "";
			projectRoot = "";
			targets = (
				9506132B2948724400EBA2FD /* mandiri-technical */,
			);
		};
/* End PBXProject section */

/* Begin PBXResourcesBuildPhase section */
		9506132A2948724400EBA2FD /* Resources */ = {
			isa = PBXResourcesBuildPhase;
			buildActionMask = 2147483647;
			files = (
				9506133C2948724500EBA2FD /* LaunchScreen.storyboard in Resources */,
				950613392948724500EBA2FD /* Assets.xcassets in Resources */,
				950613372948724400EBA2FD /* Main.storyboard in Resources */,
			);
			runOnlyForDeploymentPostprocessing = 0;
		};
/* End PBXResourcesBuildPhase section */

/* Begin PBXShellScriptBuildPhase section */
		0EB39B7DBD94C6290784247F /* [CP] Embed Pods Frameworks */ = {
			isa = PBXShellScriptBuildPhase;
			buildActionMask = 2147483647;
			files = (
			);
			inputFileListPaths = (
				"${PODS_ROOT}/Target Support Files/Pods-mandiri-technical/Pods-mandiri-technical-frameworks-${CONFIGURATION}-input-files.xcfilelist",
			);
			name = "[CP] Embed Pods Frameworks";
			outputFileListPaths = (
				"${PODS_ROOT}/Target Support Files/Pods-mandiri-technical/Pods-mandiri-technical-frameworks-${CONFIGURATION}-output-files.xcfilelist",
			);
			runOnlyForDeploymentPostprocessing = 0;
			shellPath = /bin/sh;
			shellScript = "\"${PODS_ROOT}/Target Support Files/Pods-mandiri-technical/Pods-mandiri-technical-frameworks.sh\"\n";
			showEnvVarsInLog = 0;
		};
		A13BDDF6A7A120802D15E76D /* [CP] Check Pods Manifest.lock */ = {
			isa = PBXShellScriptBuildPhase;
			buildActionMask = 2147483647;
			files = (
			);
			inputFileListPaths = (
			);
			inputPaths = (
				"${PODS_PODFILE_DIR_PATH}/Podfile.lock",
				"${PODS_ROOT}/Manifest.lock",
			);
			name = "[CP] Check Pods Manifest.lock";
			outputFileListPaths = (
			);
			outputPaths = (
				"$(DERIVED_FILE_DIR)/Pods-mandiri-technical-checkManifestLockResult.txt",
			);
			runOnlyForDeploymentPostprocessing = 0;
			shellPath = /bin/sh;
			shellScript = "diff \"${PODS_PODFILE_DIR_PATH}/Podfile.lock\" \"${PODS_ROOT}/Manifest.lock\" > /dev/null\nif [ $? != 0 ] ; then\n    # print error to STDERR\n    echo \"error: The sandbox is not in sync with the Podfile.lock. Run 'pod install' or update your CocoaPods installation.\" >&2\n    exit 1\nfi\n# This output is used by Xcode 'outputs' to avoid re-running this script phase.\necho \"SUCCESS\" > \"${SCRIPT_OUTPUT_FILE_0}\"\n";
			showEnvVarsInLog = 0;
		};
/* End PBXShellScriptBuildPhase section */

/* Begin PBXSourcesBuildPhase section */
		950613282948724400EBA2FD /* Sources */ = {
			isa = PBXSourcesBuildPhase;
			buildActionMask = 2147483647;
			files = (
				950613342948724400EBA2FD /* ViewController.swift in Sources */,
				950613302948724400EBA2FD /* AppDelegate.swift in Sources */,
				950613322948724400EBA2FD /* SceneDelegate.swift in Sources */,
			);
			runOnlyForDeploymentPostprocessing = 0;
		};
/* End PBXSourcesBuildPhase section */

/* Begin PBXVariantGroup section */
		950613352948724400EBA2FD /* Main.storyboard */ = {
			isa = PBXVariantGroup;
			children = (
				950613362948724400EBA2FD /* Base */,
			);
			name = Main.storyboard;
			sourceTree = "<group>";
		};
		9506133A2948724500EBA2FD /* LaunchScreen.storyboard */ = {
			isa = PBXVariantGroup;
			children = (
				9506133B2948724500EBA2FD /* Base */,
			);
			name = LaunchScreen.storyboard;
			sourceTree = "<group>";
		};
/* End PBXVariantGroup section */

/* Begin XCBuildConfiguration section */
		9506133E2948724500EBA2FD /* Debug */ = {
			isa = XCBuildConfiguration;
			buildSettings = {
				ALWAYS_SEARCH_USER_PATHS = NO;
				CLANG_ANALYZER_NONNULL = YES;
				CLANG_ANALYZER_NUMBER_OBJECT_CONVERSION = YES_AGGRESSIVE;
				CLANG_CXX_LANGUAGE_STANDARD = "gnu++20";
				CLANG_ENABLE_MODULES = YES;
				CLANG_ENABLE_OBJC_ARC = YES;
				CLANG_ENABLE_OBJC_WEAK = YES;
				CLANG_WARN_BLOCK_CAPTURE_AUTORELEASING = YES;
				CLANG_WARN_BOOL_CONVERSION = YES;
				CLANG_WARN_COMMA = YES;
				CLANG_WARN_CONSTANT_CONVERSION = YES;
				CLANG_WARN_DEPRECATED_OBJC_IMPLEMENTATIONS = YES;
				CLANG_WARN_DIRECT_OBJC_ISA_USAGE = YES_ERROR;
				CLANG_WARN_DOCUMENTATION_COMMENTS = YES;
				CLANG_WARN_EMPTY_BODY = YES;
				CLANG_WARN_ENUM_CONVERSION = YES;
				CLANG_WARN_INFINITE_RECURSION = YES;
				CLANG_WARN_INT_CONVERSION = YES;
				CLANG_WARN_NON_LITERAL_NULL_CONVERSION = YES;
				CLANG_WARN_OBJC_IMPLICIT_RETAIN_SELF = YES;
				CLANG_WARN_OBJC_LITERAL_CONVERSION = YES;
				CLANG_WARN_OBJC_ROOT_CLASS = YES_ERROR;
				CLANG_WARN_QUOTED_INCLUDE_IN_FRAMEWORK_HEADER = YES;
				CLANG_WARN_RANGE_LOOP_ANALYSIS = YES;
				CLANG_WARN_STRICT_PROTOTYPES = YES;
				CLANG_WARN_SUSPICIOUS_MOVE = YES;
				CLANG_WARN_UNGUARDED_AVAILABILITY = YES_AGGRESSIVE;
				CLANG_WARN_UNREACHABLE_CODE = YES;
				CLANG_WARN__DUPLICATE_METHOD_MATCH = YES;
				COPY_PHASE_STRIP = NO;
				DEBUG_INFORMATION_FORMAT = dwarf;
				ENABLE_STRICT_OBJC_MSGSEND = YES;
				ENABLE_TESTABILITY = YES;
				GCC_C_LANGUAGE_STANDARD = gnu11;
				GCC_DYNAMIC_NO_PIC = NO;
				GCC_NO_COMMON_BLOCKS = YES;
				GCC_OPTIMIZATION_LEVEL = 0;
				GCC_PREPROCESSOR_DEFINITIONS = (
					"DEBUG=1",
					"$(inherited)",
				);
				GCC_WARN_64_TO_32_BIT_CONVERSION = YES;
				GCC_WARN_ABOUT_RETURN_TYPE = YES_ERROR;
				GCC_WARN_UNDECLARED_SELECTOR = YES;
				GCC_WARN_UNINITIALIZED_AUTOS = YES_AGGRESSIVE;
				GCC_WARN_UNUSED_FUNCTION = YES;
				GCC_WARN_UNUSED_VARIABLE = YES;
				IPHONEOS_DEPLOYMENT_TARGET = 13.0;
				MTL_ENABLE_DEBUG_INFO = INCLUDE_SOURCE;
				MTL_FAST_MATH = YES;
				ONLY_ACTIVE_ARCH = YES;
				SDKROOT = iphoneos;
				SWIFT_ACTIVE_COMPILATION_CONDITIONS = DEBUG;
				SWIFT_OPTIMIZATION_LEVEL = "-Onone";
			};
			name = Debug;
		};
		9506133F2948724500EBA2FD /* Release */ = {
			isa = XCBuildConfiguration;
			buildSettings = {
				ALWAYS_SEARCH_USER_PATHS = NO;
				CLANG_ANALYZER_NONNULL = YES;
				CLANG_ANALYZER_NUMBER_OBJECT_CONVERSION = YES_AGGRESSIVE;
				CLANG_CXX_LANGUAGE_STANDARD = "gnu++20";
				CLANG_ENABLE_MODULES = YES;
				CLANG_ENABLE_OBJC_ARC = YES;
				CLANG_ENABLE_OBJC_WEAK = YES;
				CLANG_WARN_BLOCK_CAPTURE_AUTORELEASING = YES;
				CLANG_WARN_BOOL_CONVERSION = YES;
				CLANG_WARN_COMMA = YES;
				CLANG_WARN_CONSTANT_CONVERSION = YES;
				CLANG_WARN_DEPRECATED_OBJC_IMPLEMENTATIONS = YES;
				CLANG_WARN_DIRECT_OBJC_ISA_USAGE = YES_ERROR;
				CLANG_WARN_DOCUMENTATION_COMMENTS = YES;
				CLANG_WARN_EMPTY_BODY = YES;
				CLANG_WARN_ENUM_CONVERSION = YES;
				CLANG_WARN_INFINITE_RECURSION = YES;
				CLANG_WARN_INT_CONVERSION = YES;
				CLANG_WARN_NON_LITERAL_NULL_CONVERSION = YES;
				CLANG_WARN_OBJC_IMPLICIT_RETAIN_SELF = YES;
				CLANG_WARN_OBJC_LITERAL_CONVERSION = YES;
				CLANG_WARN_OBJC_ROOT_CLASS = YES_ERROR;
				CLANG_WARN_QUOTED_INCLUDE_IN_FRAMEWORK_HEADER = YES;
				CLANG_WARN_RANGE_LOOP_ANALYSIS = YES;
				CLANG_WARN_STRICT_PROTOTYPES = YES;
				CLANG_WARN_SUSPICIOUS_MOVE = YES;
				CLANG_WARN_UNGUARDED_AVAILABILITY = YES_AGGRESSIVE;
				CLANG_WARN_UNREACHABLE_CODE = YES;
				CLANG_WARN__DUPLICATE_METHOD_MATCH = YES;
				COPY_PHASE_STRIP = NO;
				DEBUG_INFORMATION_FORMAT = "dwarf-with-dsym";
				ENABLE_NS_ASSERTIONS = NO;
				ENABLE_STRICT_OBJC_MSGSEND = YES;
				GCC_C_LANGUAGE_STANDARD = gnu11;
				GCC_NO_COMMON_BLOCKS = YES;
				GCC_WARN_64_TO_32_BIT_CONVERSION = YES;
				GCC_WARN_ABOUT_RETURN_TYPE = YES_ERROR;
				GCC_WARN_UNDECLARED_SELECTOR = YES;
				GCC_WARN_UNINITIALIZED_AUTOS = YES_AGGRESSIVE;
				GCC_WARN_UNUSED_FUNCTION = YES;
				GCC_WARN_UNUSED_VARIABLE = YES;
				IPHONEOS_DEPLOYMENT_TARGET = 13.0;
				MTL_ENABLE_DEBUG_INFO = NO;
				MTL_FAST_MATH = YES;
				SDKROOT = iphoneos;
				SWIFT_COMPILATION_MODE = wholemodule;
				SWIFT_OPTIMIZATION_LEVEL = "-O";
				VALIDATE_PRODUCT = YES;
			};
			name = Release;
		};
		950613412948724500EBA2FD /* Debug */ = {
			isa = XCBuildConfiguration;
			baseConfigurationReference = B4D7BC5A0850BAD59EC2F808 /* Pods-mandiri-technical.debug.xcconfig */;
			buildSettings = {
				ASSETCATALOG_COMPILER_APPICON_NAME = AppIcon;
				ASSETCATALOG_COMPILER_GLOBAL_ACCENT_COLOR_NAME = AccentColor;
				CODE_SIGN_STYLE = Automatic;
				CURRENT_PROJECT_VERSION = 1;
				GENERATE_INFOPLIST_FILE = YES;
				INFOPLIST_FILE = "mandiri-technical/Info.plist";
				INFOPLIST_KEY_CFBundleDisplayName = MandiriMovie;
				INFOPLIST_KEY_UIApplicationSupportsIndirectInputEvents = YES;
				INFOPLIST_KEY_UILaunchStoryboardName = "";
				INFOPLIST_KEY_UIMainStoryboardFile = Main;
				INFOPLIST_KEY_UISupportedInterfaceOrientations_iPad = "UIInterfaceOrientationPortrait UIInterfaceOrientationPortraitUpsideDown UIInterfaceOrientationLandscapeLeft UIInterfaceOrientationLandscapeRight";
				INFOPLIST_KEY_UISupportedInterfaceOrientations_iPhone = "UIInterfaceOrientationPortrait UIInterfaceOrientationLandscapeLeft UIInterfaceOrientationLandscapeRight";
				IPHONEOS_DEPLOYMENT_TARGET = 13.0;
				LD_RUNPATH_SEARCH_PATHS = (
					"$(inherited)",
					"@executable_path/Frameworks",
				);
				MARKETING_VERSION = 1.0;
				PRODUCT_BUNDLE_IDENTIFIER = "com.daffa.mandiri-technical";
				PRODUCT_NAME = "$(TARGET_NAME)";
				SWIFT_EMIT_LOC_STRINGS = YES;
				SWIFT_VERSION = 5.0;
				TARGETED_DEVICE_FAMILY = "1,2";
			};
			name = Debug;
		};
		950613422948724500EBA2FD /* Release */ = {
			isa = XCBuildConfiguration;
			baseConfigurationReference = 5B6CE36871B4F372647BF11D /* Pods-mandiri-technical.release.xcconfig */;
			buildSettings = {
				ASSETCATALOG_COMPILER_APPICON_NAME = AppIcon;
				ASSETCATALOG_COMPILER_GLOBAL_ACCENT_COLOR_NAME = AccentColor;
				CODE_SIGN_STYLE = Automatic;
				CURRENT_PROJECT_VERSION = 1;
				GENERATE_INFOPLIST_FILE = YES;
				INFOPLIST_FILE = "mandiri-technical/Info.plist";
				INFOPLIST_KEY_CFBundleDisplayName = MandiriMovie;
				INFOPLIST_KEY_UIApplicationSupportsIndirectInputEvents = YES;
				INFOPLIST_KEY_UILaunchStoryboardName = "";
				INFOPLIST_KEY_UIMainStoryboardFile = Main;
				INFOPLIST_KEY_UISupportedInterfaceOrientations_iPad = "UIInterfaceOrientationPortrait UIInterfaceOrientationPortraitUpsideDown UIInterfaceOrientationLandscapeLeft UIInterfaceOrientationLandscapeRight";
				INFOPLIST_KEY_UISupportedInterfaceOrientations_iPhone = "UIInterfaceOrientationPortrait UIInterfaceOrientationLandscapeLeft UIInterfaceOrientationLandscapeRight";
				IPHONEOS_DEPLOYMENT_TARGET = 13.0;
				LD_RUNPATH_SEARCH_PATHS = (
					"$(inherited)",
					"@executable_path/Frameworks",
				);
				MARKETING_VERSION = 1.0;
				PRODUCT_BUNDLE_IDENTIFIER = "com.daffa.mandiri-technical";
				PRODUCT_NAME = "$(TARGET_NAME)";
				SWIFT_EMIT_LOC_STRINGS = YES;
				SWIFT_VERSION = 5.0;
				TARGETED_DEVICE_FAMILY = "1,2";
			};
			name = Release;
		};
/* End XCBuildConfiguration section */

/* Begin XCConfigurationList section */
		950613272948724400EBA2FD /* Build configuration list for PBXProject "mandiri-technical" */ = {
			isa = XCConfigurationList;
			buildConfigurations = (
				9506133E2948724500EBA2FD /* Debug */,
				9506133F2948724500EBA2FD /* Release */,
			);
			defaultConfigurationIsVisible = 0;
			defaultConfigurationName = Release;
		};
		950613402948724500EBA2FD /* Build configuration list for PBXNativeTarget "mandiri-technical" */ = {
			isa = XCConfigurationList;
			buildConfigurations = (
				950613412948724500EBA2FD /* Debug */,
				950613422948724500EBA2FD /* Release */,
			);
			defaultConfigurationIsVisible = 0;
			defaultConfigurationName = Release;
		};
/* End XCConfigurationList section */
	};
	rootObject = 950613242948724400EBA2FD /* Project object */;
}
